
Microsoft Visual Studio Solution File, Format Version 12.00
# Visual Studio Version 16
VisualStudioVersion = 16.0.28803.202
MinimumVisualStudioVersion = 10.0.40219.1
Project("{FAE04EC0-301F-11D3-BF4B-00C04F79EFBC}") = "Ertekadas", "Ertekadas\Ertekadas.csproj", "{9ACABDD1-A82A-420B-AC7C-88C3C2DFEAEF}"
EndProject
Global
	GlobalSection(SolutionConfigurationPlatforms) = preSolution
		Debug|Any CPU = Debug|Any CPU
		Release|Any CPU = Release|Any CPU
	EndGlobalSection
	GlobalSection(ProjectConfigurationPlatforms) = postSolution
		{9ACABDD1-A82A-420B-AC7C-88C3C2DFEAEF}.Debug|Any CPU.ActiveCfg = Debug|Any CPU
		{9ACABDD1-A82A-420B-AC7C-88C3C2DFEAEF}.Debug|Any CPU.Build.0 = Debug|Any CPU
		{9ACABDD1-A82A-420B-AC7C-88C3C2DFEAEF}.Release|Any CPU.ActiveCfg = Release|Any CPU
		{9ACABDD1-A82A-420B-AC7C-88C3C2DFEAEF}.Release|Any CPU.Build.0 = Release|Any CPU
	EndGlobalSection
	GlobalSection(SolutionProperties) = preSolution
		HideSolutionNode = FALSE
	EndGlobalSection
	GlobalSection(ExtensibilityGlobals) = postSolution
		SolutionGuid = {0ACE6AA8-912D-4C95-8B65-E9903238356F}
	EndGlobalSection
EndGlobal
