
Microsoft Visual Studio Solution File, Format Version 12.00
# Visual Studio Version 16
VisualStudioVersion = 16.0.29215.179
MinimumVisualStudioVersion = 10.0.40219.1
Project("{FAE04EC0-301F-11D3-BF4B-00C04F79EFBC}") = "HashSet", "HashSet\HashSet.csproj", "{0104F788-08D6-48C7-88A8-54A43D380CE2}"
EndProject
Global
	GlobalSection(SolutionConfigurationPlatforms) = preSolution
		Debug|Any CPU = Debug|Any CPU
		Release|Any CPU = Release|Any CPU
	EndGlobalSection
	GlobalSection(ProjectConfigurationPlatforms) = postSolution
		{0104F788-08D6-48C7-88A8-54A43D380CE2}.Debug|Any CPU.ActiveCfg = Debug|Any CPU
		{0104F788-08D6-48C7-88A8-54A43D380CE2}.Debug|Any CPU.Build.0 = Debug|Any CPU
		{0104F788-08D6-48C7-88A8-54A43D380CE2}.Release|Any CPU.ActiveCfg = Release|Any CPU
		{0104F788-08D6-48C7-88A8-54A43D380CE2}.Release|Any CPU.Build.0 = Release|Any CPU
	EndGlobalSection
	GlobalSection(SolutionProperties) = preSolution
		HideSolutionNode = FALSE
	EndGlobalSection
	GlobalSection(ExtensibilityGlobals) = postSolution
		SolutionGuid = {E6418BF8-9F31-44F7-93F6-BC39068BF73B}
	EndGlobalSection
EndGlobal
