
Microsoft Visual Studio Solution File, Format Version 12.00
# Visual Studio Version 16
VisualStudioVersion = 16.0.28803.202
MinimumVisualStudioVersion = 10.0.40219.1
Project("{FAE04EC0-301F-11D3-BF4B-00C04F79EFBC}") = "AltalanosHaromszog", "AltalanosHaromszog\AltalanosHaromszog.csproj", "{C6DBB412-365B-428D-95A1-F2A61A2AB38F}"
EndProject
Global
	GlobalSection(SolutionConfigurationPlatforms) = preSolution
		Debug|Any CPU = Debug|Any CPU
		Release|Any CPU = Release|Any CPU
	EndGlobalSection
	GlobalSection(ProjectConfigurationPlatforms) = postSolution
		{C6DBB412-365B-428D-95A1-F2A61A2AB38F}.Debug|Any CPU.ActiveCfg = Debug|Any CPU
		{C6DBB412-365B-428D-95A1-F2A61A2AB38F}.Debug|Any CPU.Build.0 = Debug|Any CPU
		{C6DBB412-365B-428D-95A1-F2A61A2AB38F}.Release|Any CPU.ActiveCfg = Release|Any CPU
		{C6DBB412-365B-428D-95A1-F2A61A2AB38F}.Release|Any CPU.Build.0 = Release|Any CPU
	EndGlobalSection
	GlobalSection(SolutionProperties) = preSolution
		HideSolutionNode = FALSE
	EndGlobalSection
	GlobalSection(ExtensibilityGlobals) = postSolution
		SolutionGuid = {926B274F-DF36-404D-9A4C-6CEDE827E002}
	EndGlobalSection
EndGlobal
