
Microsoft Visual Studio Solution File, Format Version 12.00
# Visual Studio Version 16
VisualStudioVersion = 16.0.28803.202
MinimumVisualStudioVersion = 10.0.40219.1
Project("{FAE04EC0-301F-11D3-BF4B-00C04F79EFBC}") = "Csillagok", "Csillagok\Csillagok.csproj", "{A805F1D9-2B73-4DD7-A747-431588C80911}"
EndProject
Project("{FAE04EC0-301F-11D3-BF4B-00C04F79EFBC}") = "BMI", "BMI\BMI.csproj", "{7E051E7E-DC87-4C60-9DDE-252053092F4C}"
EndProject
Project("{FAE04EC0-301F-11D3-BF4B-00C04F79EFBC}") = "Boldogsag", "Boldogsag\Boldogsag.csproj", "{0BD8F3D8-5659-4A87-9F2B-55C1E2F0181E}"
EndProject
Global
	GlobalSection(SolutionConfigurationPlatforms) = preSolution
		Debug|Any CPU = Debug|Any CPU
		Release|Any CPU = Release|Any CPU
	EndGlobalSection
	GlobalSection(ProjectConfigurationPlatforms) = postSolution
		{A805F1D9-2B73-4DD7-A747-431588C80911}.Debug|Any CPU.ActiveCfg = Debug|Any CPU
		{A805F1D9-2B73-4DD7-A747-431588C80911}.Debug|Any CPU.Build.0 = Debug|Any CPU
		{A805F1D9-2B73-4DD7-A747-431588C80911}.Release|Any CPU.ActiveCfg = Release|Any CPU
		{A805F1D9-2B73-4DD7-A747-431588C80911}.Release|Any CPU.Build.0 = Release|Any CPU
		{7E051E7E-DC87-4C60-9DDE-252053092F4C}.Debug|Any CPU.ActiveCfg = Debug|Any CPU
		{7E051E7E-DC87-4C60-9DDE-252053092F4C}.Debug|Any CPU.Build.0 = Debug|Any CPU
		{7E051E7E-DC87-4C60-9DDE-252053092F4C}.Release|Any CPU.ActiveCfg = Release|Any CPU
		{7E051E7E-DC87-4C60-9DDE-252053092F4C}.Release|Any CPU.Build.0 = Release|Any CPU
		{0BD8F3D8-5659-4A87-9F2B-55C1E2F0181E}.Debug|Any CPU.ActiveCfg = Debug|Any CPU
		{0BD8F3D8-5659-4A87-9F2B-55C1E2F0181E}.Debug|Any CPU.Build.0 = Debug|Any CPU
		{0BD8F3D8-5659-4A87-9F2B-55C1E2F0181E}.Release|Any CPU.ActiveCfg = Release|Any CPU
		{0BD8F3D8-5659-4A87-9F2B-55C1E2F0181E}.Release|Any CPU.Build.0 = Release|Any CPU
	EndGlobalSection
	GlobalSection(SolutionProperties) = preSolution
		HideSolutionNode = FALSE
	EndGlobalSection
	GlobalSection(ExtensibilityGlobals) = postSolution
		SolutionGuid = {E044BFAC-27C4-47A4-B8A5-3A100B99C0F1}
	EndGlobalSection
EndGlobal
