
Microsoft Visual Studio Solution File, Format Version 12.00
# Visual Studio Version 16
VisualStudioVersion = 16.0.28803.202
MinimumVisualStudioVersion = 10.0.40219.1
Project("{FAE04EC0-301F-11D3-BF4B-00C04F79EFBC}") = "Metódusok", "Metódusok\Metódusok.csproj", "{F3F1C1B5-38A6-4340-92E8-F9FE30C0FE3A}"
EndProject
Global
	GlobalSection(SolutionConfigurationPlatforms) = preSolution
		Debug|Any CPU = Debug|Any CPU
		Release|Any CPU = Release|Any CPU
	EndGlobalSection
	GlobalSection(ProjectConfigurationPlatforms) = postSolution
		{F3F1C1B5-38A6-4340-92E8-F9FE30C0FE3A}.Debug|Any CPU.ActiveCfg = Debug|Any CPU
		{F3F1C1B5-38A6-4340-92E8-F9FE30C0FE3A}.Debug|Any CPU.Build.0 = Debug|Any CPU
		{F3F1C1B5-38A6-4340-92E8-F9FE30C0FE3A}.Release|Any CPU.ActiveCfg = Release|Any CPU
		{F3F1C1B5-38A6-4340-92E8-F9FE30C0FE3A}.Release|Any CPU.Build.0 = Release|Any CPU
	EndGlobalSection
	GlobalSection(SolutionProperties) = preSolution
		HideSolutionNode = FALSE
	EndGlobalSection
	GlobalSection(ExtensibilityGlobals) = postSolution
		SolutionGuid = {A6694372-5503-4F44-B88C-A885F3962CD6}
	EndGlobalSection
EndGlobal
