
Microsoft Visual Studio Solution File, Format Version 12.00
# Visual Studio Version 16
VisualStudioVersion = 16.0.28803.202
MinimumVisualStudioVersion = 10.0.40219.1
Project("{FAE04EC0-301F-11D3-BF4B-00C04F79EFBC}") = "LokalisGlobalis", "LokalisGlobalis\LokalisGlobalis.csproj", "{6CB29A32-FDD0-469B-998A-C0116ED64361}"
EndProject
Project("{FAE04EC0-301F-11D3-BF4B-00C04F79EFBC}") = "BMI", "BMI\BMI.csproj", "{8DEC1823-9E71-49A1-912D-E30D31CEB536}"
EndProject
Global
	GlobalSection(SolutionConfigurationPlatforms) = preSolution
		Debug|Any CPU = Debug|Any CPU
		Release|Any CPU = Release|Any CPU
	EndGlobalSection
	GlobalSection(ProjectConfigurationPlatforms) = postSolution
		{6CB29A32-FDD0-469B-998A-C0116ED64361}.Debug|Any CPU.ActiveCfg = Debug|Any CPU
		{6CB29A32-FDD0-469B-998A-C0116ED64361}.Debug|Any CPU.Build.0 = Debug|Any CPU
		{6CB29A32-FDD0-469B-998A-C0116ED64361}.Release|Any CPU.ActiveCfg = Release|Any CPU
		{6CB29A32-FDD0-469B-998A-C0116ED64361}.Release|Any CPU.Build.0 = Release|Any CPU
		{8DEC1823-9E71-49A1-912D-E30D31CEB536}.Debug|Any CPU.ActiveCfg = Debug|Any CPU
		{8DEC1823-9E71-49A1-912D-E30D31CEB536}.Debug|Any CPU.Build.0 = Debug|Any CPU
		{8DEC1823-9E71-49A1-912D-E30D31CEB536}.Release|Any CPU.ActiveCfg = Release|Any CPU
		{8DEC1823-9E71-49A1-912D-E30D31CEB536}.Release|Any CPU.Build.0 = Release|Any CPU
	EndGlobalSection
	GlobalSection(SolutionProperties) = preSolution
		HideSolutionNode = FALSE
	EndGlobalSection
	GlobalSection(ExtensibilityGlobals) = postSolution
		SolutionGuid = {2E0DBB28-7B5F-4FD9-B984-594CC7A55593}
	EndGlobalSection
EndGlobal
