
Microsoft Visual Studio Solution File, Format Version 12.00
# Visual Studio Version 16
VisualStudioVersion = 16.0.28803.202
MinimumVisualStudioVersion = 10.0.40219.1
Project("{FAE04EC0-301F-11D3-BF4B-00C04F79EFBC}") = "HashSet", "HashSet\HashSet.csproj", "{A9414CB0-D007-4FCC-BD95-2DA43C26332B}"
EndProject
Project("{FAE04EC0-301F-11D3-BF4B-00C04F79EFBC}") = "EgysegbeZaras", "EgysegbeZaras\EgysegbeZaras.csproj", "{56341431-593F-455D-BBF8-363B47E2F498}"
EndProject
Project("{FAE04EC0-301F-11D3-BF4B-00C04F79EFBC}") = "Pont", "Pont\Pont.csproj", "{3BCEC194-5D79-4B73-8BAC-A2420FF5A638}"
EndProject
Project("{FAE04EC0-301F-11D3-BF4B-00C04F79EFBC}") = "TeglalapProg", "TeglalapProg\TeglalapProg.csproj", "{BA116041-D3A3-4B29-AD4C-B04AEA261D23}"
EndProject
Project("{FAE04EC0-301F-11D3-BF4B-00C04F79EFBC}") = "Kor", "Kor\Kor.csproj", "{98FD2FA3-18E1-45E1-A128-6AEEA293A97B}"
EndProject
Global
	GlobalSection(SolutionConfigurationPlatforms) = preSolution
		Debug|Any CPU = Debug|Any CPU
		Release|Any CPU = Release|Any CPU
	EndGlobalSection
	GlobalSection(ProjectConfigurationPlatforms) = postSolution
		{A9414CB0-D007-4FCC-BD95-2DA43C26332B}.Debug|Any CPU.ActiveCfg = Debug|Any CPU
		{A9414CB0-D007-4FCC-BD95-2DA43C26332B}.Debug|Any CPU.Build.0 = Debug|Any CPU
		{A9414CB0-D007-4FCC-BD95-2DA43C26332B}.Release|Any CPU.ActiveCfg = Release|Any CPU
		{A9414CB0-D007-4FCC-BD95-2DA43C26332B}.Release|Any CPU.Build.0 = Release|Any CPU
		{56341431-593F-455D-BBF8-363B47E2F498}.Debug|Any CPU.ActiveCfg = Debug|Any CPU
		{56341431-593F-455D-BBF8-363B47E2F498}.Debug|Any CPU.Build.0 = Debug|Any CPU
		{56341431-593F-455D-BBF8-363B47E2F498}.Release|Any CPU.ActiveCfg = Release|Any CPU
		{56341431-593F-455D-BBF8-363B47E2F498}.Release|Any CPU.Build.0 = Release|Any CPU
		{3BCEC194-5D79-4B73-8BAC-A2420FF5A638}.Debug|Any CPU.ActiveCfg = Debug|Any CPU
		{3BCEC194-5D79-4B73-8BAC-A2420FF5A638}.Debug|Any CPU.Build.0 = Debug|Any CPU
		{3BCEC194-5D79-4B73-8BAC-A2420FF5A638}.Release|Any CPU.ActiveCfg = Release|Any CPU
		{3BCEC194-5D79-4B73-8BAC-A2420FF5A638}.Release|Any CPU.Build.0 = Release|Any CPU
		{BA116041-D3A3-4B29-AD4C-B04AEA261D23}.Debug|Any CPU.ActiveCfg = Debug|Any CPU
		{BA116041-D3A3-4B29-AD4C-B04AEA261D23}.Debug|Any CPU.Build.0 = Debug|Any CPU
		{BA116041-D3A3-4B29-AD4C-B04AEA261D23}.Release|Any CPU.ActiveCfg = Release|Any CPU
		{BA116041-D3A3-4B29-AD4C-B04AEA261D23}.Release|Any CPU.Build.0 = Release|Any CPU
		{98FD2FA3-18E1-45E1-A128-6AEEA293A97B}.Debug|Any CPU.ActiveCfg = Debug|Any CPU
		{98FD2FA3-18E1-45E1-A128-6AEEA293A97B}.Debug|Any CPU.Build.0 = Debug|Any CPU
		{98FD2FA3-18E1-45E1-A128-6AEEA293A97B}.Release|Any CPU.ActiveCfg = Release|Any CPU
		{98FD2FA3-18E1-45E1-A128-6AEEA293A97B}.Release|Any CPU.Build.0 = Release|Any CPU
	EndGlobalSection
	GlobalSection(SolutionProperties) = preSolution
		HideSolutionNode = FALSE
	EndGlobalSection
	GlobalSection(ExtensibilityGlobals) = postSolution
		SolutionGuid = {7CC957CE-2BE3-4F1C-980A-A4144B1D3CE5}
	EndGlobalSection
EndGlobal
