
Microsoft Visual Studio Solution File, Format Version 12.00
# Visual Studio Version 16
VisualStudioVersion = 16.0.28803.202
MinimumVisualStudioVersion = 10.0.40219.1
Project("{9A19103F-16F7-4668-BE54-9A1E7A4F7556}") = "Nyugta", "Nyugta\Nyugta.csproj", "{ADCA8FE6-904A-4A54-8074-44020F6A41C8}"
EndProject
Project("{FAE04EC0-301F-11D3-BF4B-00C04F79EFBC}") = "NovaNyugta", "NovaNyugta\NovaNyugta.csproj", "{C8229CBC-39D8-485F-9C86-8A07F1A0E392}"
EndProject
Project("{FAE04EC0-301F-11D3-BF4B-00C04F79EFBC}") = "Nyugta3", "Nyugta3\Nyugta3.csproj", "{89790E4C-17AC-4332-BA8B-5DB5414DE068}"
EndProject
Global
	GlobalSection(SolutionConfigurationPlatforms) = preSolution
		Debug|Any CPU = Debug|Any CPU
		Release|Any CPU = Release|Any CPU
	EndGlobalSection
	GlobalSection(ProjectConfigurationPlatforms) = postSolution
		{ADCA8FE6-904A-4A54-8074-44020F6A41C8}.Debug|Any CPU.ActiveCfg = Debug|Any CPU
		{ADCA8FE6-904A-4A54-8074-44020F6A41C8}.Debug|Any CPU.Build.0 = Debug|Any CPU
		{ADCA8FE6-904A-4A54-8074-44020F6A41C8}.Release|Any CPU.ActiveCfg = Release|Any CPU
		{ADCA8FE6-904A-4A54-8074-44020F6A41C8}.Release|Any CPU.Build.0 = Release|Any CPU
		{C8229CBC-39D8-485F-9C86-8A07F1A0E392}.Debug|Any CPU.ActiveCfg = Debug|Any CPU
		{C8229CBC-39D8-485F-9C86-8A07F1A0E392}.Debug|Any CPU.Build.0 = Debug|Any CPU
		{C8229CBC-39D8-485F-9C86-8A07F1A0E392}.Release|Any CPU.ActiveCfg = Release|Any CPU
		{C8229CBC-39D8-485F-9C86-8A07F1A0E392}.Release|Any CPU.Build.0 = Release|Any CPU
		{89790E4C-17AC-4332-BA8B-5DB5414DE068}.Debug|Any CPU.ActiveCfg = Debug|Any CPU
		{89790E4C-17AC-4332-BA8B-5DB5414DE068}.Debug|Any CPU.Build.0 = Debug|Any CPU
		{89790E4C-17AC-4332-BA8B-5DB5414DE068}.Release|Any CPU.ActiveCfg = Release|Any CPU
		{89790E4C-17AC-4332-BA8B-5DB5414DE068}.Release|Any CPU.Build.0 = Release|Any CPU
	EndGlobalSection
	GlobalSection(SolutionProperties) = preSolution
		HideSolutionNode = FALSE
	EndGlobalSection
	GlobalSection(ExtensibilityGlobals) = postSolution
		SolutionGuid = {21F75253-6E33-48E0-923A-6517FDF300DB}
	EndGlobalSection
EndGlobal
