
Microsoft Visual Studio Solution File, Format Version 12.00
# Visual Studio 15
VisualStudioVersion = 15.0.28307.705
MinimumVisualStudioVersion = 10.0.40219.1
Project("{FAE04EC0-301F-11D3-BF4B-00C04F79EFBC}") = "Szelveny5", "Szelveny5\Szelveny5.csproj", "{78AE99DF-E9FC-4545-9E1B-3438A8ACD0CC}"
EndProject
Global
	GlobalSection(SolutionConfigurationPlatforms) = preSolution
		Debug|Any CPU = Debug|Any CPU
		Release|Any CPU = Release|Any CPU
	EndGlobalSection
	GlobalSection(ProjectConfigurationPlatforms) = postSolution
		{78AE99DF-E9FC-4545-9E1B-3438A8ACD0CC}.Debug|Any CPU.ActiveCfg = Debug|Any CPU
		{78AE99DF-E9FC-4545-9E1B-3438A8ACD0CC}.Debug|Any CPU.Build.0 = Debug|Any CPU
		{78AE99DF-E9FC-4545-9E1B-3438A8ACD0CC}.Release|Any CPU.ActiveCfg = Release|Any CPU
		{78AE99DF-E9FC-4545-9E1B-3438A8ACD0CC}.Release|Any CPU.Build.0 = Release|Any CPU
	EndGlobalSection
	GlobalSection(SolutionProperties) = preSolution
		HideSolutionNode = FALSE
	EndGlobalSection
	GlobalSection(ExtensibilityGlobals) = postSolution
		SolutionGuid = {10734BC3-4E27-4872-9D14-3A1E8A7C0AF1}
	EndGlobalSection
EndGlobal
