
Microsoft Visual Studio Solution File, Format Version 12.00
# Visual Studio Version 16
VisualStudioVersion = 16.0.29609.76
MinimumVisualStudioVersion = 10.0.40219.1
Project("{FAE04EC0-301F-11D3-BF4B-00C04F79EFBC}") = "InterfaceCloneable", "InterfaceCloneable\InterfaceCloneable.csproj", "{97FE3127-A595-4540-962F-824C50FC87FC}"
EndProject
Project("{FAE04EC0-301F-11D3-BF4B-00C04F79EFBC}") = "CustomInterface", "CustomInterface\CustomInterface.csproj", "{23CA49B7-32D0-473F-A00A-B92937FCF0FF}"
EndProject
Project("{FAE04EC0-301F-11D3-BF4B-00C04F79EFBC}") = "InterfaceAlakzatokkal", "InterfaceAlakzatokkal\InterfaceAlakzatokkal.csproj", "{BE670386-D81E-48DF-B41D-96A082F388D7}"
EndProject
Project("{FAE04EC0-301F-11D3-BF4B-00C04F79EFBC}") = "ExplicitInterface", "ExplicitInterface\ExplicitInterface.csproj", "{26EF0FE4-6C43-4D58-97C3-7720B92C3EF5}"
EndProject
Project("{FAE04EC0-301F-11D3-BF4B-00C04F79EFBC}") = "Gyakorlas", "Gyakorlas\Gyakorlas.csproj", "{4161FEE8-93AC-4672-8261-D782856DFC30}"
EndProject
Global
	GlobalSection(SolutionConfigurationPlatforms) = preSolution
		Debug|Any CPU = Debug|Any CPU
		Release|Any CPU = Release|Any CPU
	EndGlobalSection
	GlobalSection(ProjectConfigurationPlatforms) = postSolution
		{97FE3127-A595-4540-962F-824C50FC87FC}.Debug|Any CPU.ActiveCfg = Debug|Any CPU
		{97FE3127-A595-4540-962F-824C50FC87FC}.Debug|Any CPU.Build.0 = Debug|Any CPU
		{97FE3127-A595-4540-962F-824C50FC87FC}.Release|Any CPU.ActiveCfg = Release|Any CPU
		{97FE3127-A595-4540-962F-824C50FC87FC}.Release|Any CPU.Build.0 = Release|Any CPU
		{23CA49B7-32D0-473F-A00A-B92937FCF0FF}.Debug|Any CPU.ActiveCfg = Debug|Any CPU
		{23CA49B7-32D0-473F-A00A-B92937FCF0FF}.Debug|Any CPU.Build.0 = Debug|Any CPU
		{23CA49B7-32D0-473F-A00A-B92937FCF0FF}.Release|Any CPU.ActiveCfg = Release|Any CPU
		{23CA49B7-32D0-473F-A00A-B92937FCF0FF}.Release|Any CPU.Build.0 = Release|Any CPU
		{BE670386-D81E-48DF-B41D-96A082F388D7}.Debug|Any CPU.ActiveCfg = Debug|Any CPU
		{BE670386-D81E-48DF-B41D-96A082F388D7}.Debug|Any CPU.Build.0 = Debug|Any CPU
		{BE670386-D81E-48DF-B41D-96A082F388D7}.Release|Any CPU.ActiveCfg = Release|Any CPU
		{BE670386-D81E-48DF-B41D-96A082F388D7}.Release|Any CPU.Build.0 = Release|Any CPU
		{26EF0FE4-6C43-4D58-97C3-7720B92C3EF5}.Debug|Any CPU.ActiveCfg = Debug|Any CPU
		{26EF0FE4-6C43-4D58-97C3-7720B92C3EF5}.Debug|Any CPU.Build.0 = Debug|Any CPU
		{26EF0FE4-6C43-4D58-97C3-7720B92C3EF5}.Release|Any CPU.ActiveCfg = Release|Any CPU
		{26EF0FE4-6C43-4D58-97C3-7720B92C3EF5}.Release|Any CPU.Build.0 = Release|Any CPU
		{4161FEE8-93AC-4672-8261-D782856DFC30}.Debug|Any CPU.ActiveCfg = Debug|Any CPU
		{4161FEE8-93AC-4672-8261-D782856DFC30}.Debug|Any CPU.Build.0 = Debug|Any CPU
		{4161FEE8-93AC-4672-8261-D782856DFC30}.Release|Any CPU.ActiveCfg = Release|Any CPU
		{4161FEE8-93AC-4672-8261-D782856DFC30}.Release|Any CPU.Build.0 = Release|Any CPU
	EndGlobalSection
	GlobalSection(SolutionProperties) = preSolution
		HideSolutionNode = FALSE
	EndGlobalSection
	GlobalSection(ExtensibilityGlobals) = postSolution
		SolutionGuid = {1C01494C-D337-4D30-8EFE-66C50C40070E}
	EndGlobalSection
EndGlobal
