
Microsoft Visual Studio Solution File, Format Version 12.00
# Visual Studio Version 16
VisualStudioVersion = 16.0.28803.202
MinimumVisualStudioVersion = 10.0.40219.1
Project("{FAE04EC0-301F-11D3-BF4B-00C04F79EFBC}") = "VonalProgram", "VonalProgram\VonalProgram.csproj", "{F8FFFA1C-08EE-48D7-990C-3928BC446CA5}"
EndProject
Global
	GlobalSection(SolutionConfigurationPlatforms) = preSolution
		Debug|Any CPU = Debug|Any CPU
		Release|Any CPU = Release|Any CPU
	EndGlobalSection
	GlobalSection(ProjectConfigurationPlatforms) = postSolution
		{F8FFFA1C-08EE-48D7-990C-3928BC446CA5}.Debug|Any CPU.ActiveCfg = Debug|Any CPU
		{F8FFFA1C-08EE-48D7-990C-3928BC446CA5}.Debug|Any CPU.Build.0 = Debug|Any CPU
		{F8FFFA1C-08EE-48D7-990C-3928BC446CA5}.Release|Any CPU.ActiveCfg = Release|Any CPU
		{F8FFFA1C-08EE-48D7-990C-3928BC446CA5}.Release|Any CPU.Build.0 = Release|Any CPU
	EndGlobalSection
	GlobalSection(SolutionProperties) = preSolution
		HideSolutionNode = FALSE
	EndGlobalSection
	GlobalSection(ExtensibilityGlobals) = postSolution
		SolutionGuid = {67F04CE9-80A4-485D-B0E2-86738061CE78}
	EndGlobalSection
EndGlobal
