
Microsoft Visual Studio Solution File, Format Version 12.00
# Visual Studio Version 16
VisualStudioVersion = 16.0.28803.202
MinimumVisualStudioVersion = 10.0.40219.1
Project("{FAE04EC0-301F-11D3-BF4B-00C04F79EFBC}") = "HallgatokProgram", "HallgatokProgram\HallgatokProgram.csproj", "{7E1F9AEC-277E-4C99-A0AF-D9DD7FFF1174}"
EndProject
Project("{FAE04EC0-301F-11D3-BF4B-00C04F79EFBC}") = "HallgatokProgram2", "HallgatokProgram2\HallgatokProgram2.csproj", "{F3F74B16-DAC7-4ED9-9941-023E29A04B0C}"
EndProject
Project("{FAE04EC0-301F-11D3-BF4B-00C04F79EFBC}") = "HallgatokProgram3", "HallgatokProgram3\HallgatokProgram3.csproj", "{B0FFEC21-4AF2-4312-ACBA-85519C694A49}"
EndProject
Project("{FAE04EC0-301F-11D3-BF4B-00C04F79EFBC}") = "HallgatokProgram4", "HallgatokProgram4\HallgatokProgram4.csproj", "{908E726C-3D82-4083-93C7-6132FD60BC51}"
EndProject
Global
	GlobalSection(SolutionConfigurationPlatforms) = preSolution
		Debug|Any CPU = Debug|Any CPU
		Release|Any CPU = Release|Any CPU
	EndGlobalSection
	GlobalSection(ProjectConfigurationPlatforms) = postSolution
		{7E1F9AEC-277E-4C99-A0AF-D9DD7FFF1174}.Debug|Any CPU.ActiveCfg = Debug|Any CPU
		{7E1F9AEC-277E-4C99-A0AF-D9DD7FFF1174}.Debug|Any CPU.Build.0 = Debug|Any CPU
		{7E1F9AEC-277E-4C99-A0AF-D9DD7FFF1174}.Release|Any CPU.ActiveCfg = Release|Any CPU
		{7E1F9AEC-277E-4C99-A0AF-D9DD7FFF1174}.Release|Any CPU.Build.0 = Release|Any CPU
		{F3F74B16-DAC7-4ED9-9941-023E29A04B0C}.Debug|Any CPU.ActiveCfg = Debug|Any CPU
		{F3F74B16-DAC7-4ED9-9941-023E29A04B0C}.Debug|Any CPU.Build.0 = Debug|Any CPU
		{F3F74B16-DAC7-4ED9-9941-023E29A04B0C}.Release|Any CPU.ActiveCfg = Release|Any CPU
		{F3F74B16-DAC7-4ED9-9941-023E29A04B0C}.Release|Any CPU.Build.0 = Release|Any CPU
		{B0FFEC21-4AF2-4312-ACBA-85519C694A49}.Debug|Any CPU.ActiveCfg = Debug|Any CPU
		{B0FFEC21-4AF2-4312-ACBA-85519C694A49}.Debug|Any CPU.Build.0 = Debug|Any CPU
		{B0FFEC21-4AF2-4312-ACBA-85519C694A49}.Release|Any CPU.ActiveCfg = Release|Any CPU
		{B0FFEC21-4AF2-4312-ACBA-85519C694A49}.Release|Any CPU.Build.0 = Release|Any CPU
		{908E726C-3D82-4083-93C7-6132FD60BC51}.Debug|Any CPU.ActiveCfg = Debug|Any CPU
		{908E726C-3D82-4083-93C7-6132FD60BC51}.Debug|Any CPU.Build.0 = Debug|Any CPU
		{908E726C-3D82-4083-93C7-6132FD60BC51}.Release|Any CPU.ActiveCfg = Release|Any CPU
		{908E726C-3D82-4083-93C7-6132FD60BC51}.Release|Any CPU.Build.0 = Release|Any CPU
	EndGlobalSection
	GlobalSection(SolutionProperties) = preSolution
		HideSolutionNode = FALSE
	EndGlobalSection
	GlobalSection(ExtensibilityGlobals) = postSolution
		SolutionGuid = {105A545B-9BC6-4B46-B606-B1A606DFC322}
	EndGlobalSection
EndGlobal
