
Microsoft Visual Studio Solution File, Format Version 12.00
# Visual Studio Version 16
VisualStudioVersion = 16.0.29411.108
MinimumVisualStudioVersion = 10.0.40219.1
Project("{FAE04EC0-301F-11D3-BF4B-00C04F79EFBC}") = "Etterem", "Etterem\Etterem.csproj", "{E201A19F-FDE7-4051-AC25-7F9CA3B3189A}"
EndProject
Global
	GlobalSection(SolutionConfigurationPlatforms) = preSolution
		Debug|Any CPU = Debug|Any CPU
		Release|Any CPU = Release|Any CPU
	EndGlobalSection
	GlobalSection(ProjectConfigurationPlatforms) = postSolution
		{E201A19F-FDE7-4051-AC25-7F9CA3B3189A}.Debug|Any CPU.ActiveCfg = Debug|Any CPU
		{E201A19F-FDE7-4051-AC25-7F9CA3B3189A}.Debug|Any CPU.Build.0 = Debug|Any CPU
		{E201A19F-FDE7-4051-AC25-7F9CA3B3189A}.Release|Any CPU.ActiveCfg = Release|Any CPU
		{E201A19F-FDE7-4051-AC25-7F9CA3B3189A}.Release|Any CPU.Build.0 = Release|Any CPU
	EndGlobalSection
	GlobalSection(SolutionProperties) = preSolution
		HideSolutionNode = FALSE
	EndGlobalSection
	GlobalSection(ExtensibilityGlobals) = postSolution
		SolutionGuid = {447A65D4-7295-4081-869B-64C6941C6EB1}
	EndGlobalSection
EndGlobal
