
Microsoft Visual Studio Solution File, Format Version 12.00
# Visual Studio Version 16
VisualStudioVersion = 16.0.28803.202
MinimumVisualStudioVersion = 10.0.40219.1
Project("{FAE04EC0-301F-11D3-BF4B-00C04F79EFBC}") = "Osztalyozo", "Osztalyozo\Osztalyozo.csproj", "{EDB220E1-DAC5-4107-865A-B320918661EC}"
EndProject
Project("{FAE04EC0-301F-11D3-BF4B-00C04F79EFBC}") = "OsztalyozóIfekkel", "OsztalyozóIfekkel\OsztalyozóIfekkel.csproj", "{3FE007B0-24CA-45EE-A762-F12520E47EE6}"
EndProject
Global
	GlobalSection(SolutionConfigurationPlatforms) = preSolution
		Debug|Any CPU = Debug|Any CPU
		Release|Any CPU = Release|Any CPU
	EndGlobalSection
	GlobalSection(ProjectConfigurationPlatforms) = postSolution
		{EDB220E1-DAC5-4107-865A-B320918661EC}.Debug|Any CPU.ActiveCfg = Debug|Any CPU
		{EDB220E1-DAC5-4107-865A-B320918661EC}.Debug|Any CPU.Build.0 = Debug|Any CPU
		{EDB220E1-DAC5-4107-865A-B320918661EC}.Release|Any CPU.ActiveCfg = Release|Any CPU
		{EDB220E1-DAC5-4107-865A-B320918661EC}.Release|Any CPU.Build.0 = Release|Any CPU
		{3FE007B0-24CA-45EE-A762-F12520E47EE6}.Debug|Any CPU.ActiveCfg = Debug|Any CPU
		{3FE007B0-24CA-45EE-A762-F12520E47EE6}.Debug|Any CPU.Build.0 = Debug|Any CPU
		{3FE007B0-24CA-45EE-A762-F12520E47EE6}.Release|Any CPU.ActiveCfg = Release|Any CPU
		{3FE007B0-24CA-45EE-A762-F12520E47EE6}.Release|Any CPU.Build.0 = Release|Any CPU
	EndGlobalSection
	GlobalSection(SolutionProperties) = preSolution
		HideSolutionNode = FALSE
	EndGlobalSection
	GlobalSection(ExtensibilityGlobals) = postSolution
		SolutionGuid = {37341D2B-504A-4E96-8404-0BA6A0C569E9}
	EndGlobalSection
EndGlobal
