
Microsoft Visual Studio Solution File, Format Version 12.00
# Visual Studio Version 16
VisualStudioVersion = 16.0.29411.108
MinimumVisualStudioVersion = 10.0.40219.1
Project("{FAE04EC0-301F-11D3-BF4B-00C04F79EFBC}") = "Mozi", "Mozi\Mozi.csproj", "{FC8A440E-CC4F-41DE-B845-DDE394B5BE81}"
EndProject
Global
	GlobalSection(SolutionConfigurationPlatforms) = preSolution
		Debug|Any CPU = Debug|Any CPU
		Release|Any CPU = Release|Any CPU
	EndGlobalSection
	GlobalSection(ProjectConfigurationPlatforms) = postSolution
		{FC8A440E-CC4F-41DE-B845-DDE394B5BE81}.Debug|Any CPU.ActiveCfg = Debug|Any CPU
		{FC8A440E-CC4F-41DE-B845-DDE394B5BE81}.Debug|Any CPU.Build.0 = Debug|Any CPU
		{FC8A440E-CC4F-41DE-B845-DDE394B5BE81}.Release|Any CPU.ActiveCfg = Release|Any CPU
		{FC8A440E-CC4F-41DE-B845-DDE394B5BE81}.Release|Any CPU.Build.0 = Release|Any CPU
	EndGlobalSection
	GlobalSection(SolutionProperties) = preSolution
		HideSolutionNode = FALSE
	EndGlobalSection
	GlobalSection(ExtensibilityGlobals) = postSolution
		SolutionGuid = {1AE09B61-537C-425F-8973-2D9C892F9C35}
	EndGlobalSection
EndGlobal
